
Microsoft Visual Studio Solution File, Format Version 12.00
# Visual Studio Version 16
VisualStudioVersion = 16.0.29102.190
MinimumVisualStudioVersion = 10.0.40219.1
Project("{2150E333-8FDC-42A3-9474-1A3956D46DE8}") = "src", "src", "{B9CC07A2-D1E3-4636-B8E5-C94D7FBB4835}"
EndProject
Project("{2150E333-8FDC-42A3-9474-1A3956D46DE8}") = "Doc", "Doc", "{E7D8BAB1-3A3E-44AE-AB9D-8D79341383DD}"
	ProjectSection(SolutionItems) = preProject
		README.md = README.md
		系統架構圖.png = 系統架構圖.png
	EndProjectSection
EndProject
Project("{2150E333-8FDC-42A3-9474-1A3956D46DE8}") = "Services", "Services", "{C5FCBE4B-25BB-45F1-A3FF-9E2218F8B3C2}"
EndProject
Project("{2150E333-8FDC-42A3-9474-1A3956D46DE8}") = "ApiGateways", "ApiGateways", "{0F656E10-65A1-45DA-A97A-7B14FF83405E}"
EndProject
Project("{2150E333-8FDC-42A3-9474-1A3956D46DE8}") = "WebUI", "WebUI", "{0F33C1FD-85B8-4ADA-84BF-EA179CA14D66}"
EndProject
Project("{9A19103F-16F7-4668-BE54-9A1E7A4F7556}") = "BoardGameAngular", "src\WebUI\BoardGameAngular\BoardGameAngular.csproj", "{63E41041-B1EE-4340-94C1-A5F4A666276B}"
EndProject
Project("{9A19103F-16F7-4668-BE54-9A1E7A4F7556}") = "AuthWebService", "src\Services\Auth\AuthWebService\AuthWebService.csproj", "{BACBC48C-A298-4E7D-8806-95D39D30D9A9}"
EndProject
Project("{2150E333-8FDC-42A3-9474-1A3956D46DE8}") = "Game", "Game", "{253D0585-9100-41CC-8FFB-8062B6701A9F}"
EndProject
Project("{9A19103F-16F7-4668-BE54-9A1E7A4F7556}") = "BoardGame.GameLogicTests", "src\Services\Game\BoardGame.GameLogicTests\BoardGame.GameLogicTests.csproj", "{C4452452-84D6-4E16-B4C0-BC0DFD4C0279}"
EndProject
Project("{9A19103F-16F7-4668-BE54-9A1E7A4F7556}") = "GameLogic", "src\Services\Game\GameLogic\GameLogic.csproj", "{F0F2FC53-323E-4A10-83B3-97C2BBCC5C4A}"
EndProject
Project("{9A19103F-16F7-4668-BE54-9A1E7A4F7556}") = "BigTwoLogic", "src\Services\Game\BigTwoLogic\BigTwoLogic.csproj", "{D6F7B8F7-9C3A-45F9-B727-C548C0C38F66}"
EndProject
Project("{9A19103F-16F7-4668-BE54-9A1E7A4F7556}") = "OcelotApiGateway", "src\ApiGateways\OcelotApiGateway\OcelotApiGateway.csproj", "{4686FD11-008A-4191-8507-0C03764FB42C}"
EndProject
Project("{2150E333-8FDC-42A3-9474-1A3956D46DE8}") = "Util", "Util", "{5641DD69-A039-4D9B-BD45-8A861F7F8E7D}"
EndProject
Project("{2150E333-8FDC-42A3-9474-1A3956D46DE8}") = "Common", "Common", "{A2839155-7408-478B-90A1-7FADB88D33B2}"
EndProject
Project("{9A19103F-16F7-4668-BE54-9A1E7A4F7556}") = "Convert", "src\Common\Util\CommonUtil\Convert.csproj", "{EE7BF5D1-075F-4AC7-A26B-BD3F94839129}"
EndProject
Project("{9A19103F-16F7-4668-BE54-9A1E7A4F7556}") = "HttpHelper", "src\Common\Util\HttpHelper\HttpHelper.csproj", "{2BC6528D-8232-4571-B1B3-171B24155037}"
EndProject
Project("{9A19103F-16F7-4668-BE54-9A1E7A4F7556}") = "Domain", "src\Common\Domain\Domain.csproj", "{997B427D-C0E7-4881-BAD4-9D5F3FEB6490}"
EndProject
Project("{9A19103F-16F7-4668-BE54-9A1E7A4F7556}") = "LobbyWebService", "src\Services\Lobby\LobbyWebService.csproj", "{5F2D3897-AEC3-452F-A3C0-5B584DB9C207}"
EndProject
Project("{2150E333-8FDC-42A3-9474-1A3956D46DE8}") = "Repositories", "Repositories", "{9D5B19D4-07B0-40A9-8734-344AF871E7D4}"
EndProject
Project("{9A19103F-16F7-4668-BE54-9A1E7A4F7556}") = "GameRespository", "src\Repositories\Game\GameRespository.csproj", "{C292D016-3535-4C27-A3CC-29033C5A1AC1}"
EndProject
Project("{9A19103F-16F7-4668-BE54-9A1E7A4F7556}") = "RedisRepository", "src\Repositories\Redis\RedisRepository.csproj", "{F19A001D-987C-4A67-93AE-776CB049EBA6}"
EndProject
Project("{9A19103F-16F7-4668-BE54-9A1E7A4F7556}") = "MemberRepository", "src\Repositories\Member\MemberRepository.csproj", "{23EBE1A2-7AA8-4FF4-81A7-FDA7E1A2358D}"
EndProject
Project("{9A19103F-16F7-4668-BE54-9A1E7A4F7556}") = "TransactionHelper", "src\Common\Util\TransactionHelper\TransactionHelper.csproj", "{CF4FFAE3-79A3-4963-BA5D-42BF44B353B6}"
EndProject
Project("{9A19103F-16F7-4668-BE54-9A1E7A4F7556}") = "GameWebService", "src\Services\Game\GameWebService\GameWebService.csproj", "{97CB3A9E-7B57-43C5-A16F-CDA1B3991E7B}"
EndProject
Project("{2150E333-8FDC-42A3-9474-1A3956D46DE8}") = "deployment", "deployment", "{8DF79C33-5D72-4CFA-A3EF-5DEE717EDF72}"
EndProject
Project("{2150E333-8FDC-42A3-9474-1A3956D46DE8}") = "docker", "docker", "{ECDEE8AB-1BD2-45CF-BFC2-2DCFB19DCD94}"
	ProjectSection(SolutionItems) = preProject
		deployment\docker\.env = deployment\docker\.env
		deployment\docker\api.yml = deployment\docker\api.yml
		deployment\docker\db.yml = deployment\docker\db.yml
		deployment\docker\docker-compose.yml = deployment\docker\docker-compose.yml
		deployment\docker\elk.yml = deployment\docker\elk.yml
		deployment\docker\redis.yml = deployment\docker\redis.yml
	EndProjectSection
EndProject
Project("{2150E333-8FDC-42A3-9474-1A3956D46DE8}") = "elk", "elk", "{1494C0F1-7DA9-4B4F-9594-B03074868CDA}"
EndProject
Project("{2150E333-8FDC-42A3-9474-1A3956D46DE8}") = "elasticsearch", "elasticsearch", "{4D33688A-30FF-4BF4-B1BE-7C53DA38D583}"
	ProjectSection(SolutionItems) = preProject
		deployment\docker\elk\elasticsearch\Dockerfile = deployment\docker\elk\elasticsearch\Dockerfile
	EndProjectSection
EndProject
Project("{2150E333-8FDC-42A3-9474-1A3956D46DE8}") = "config", "config", "{0F3E3E71-A118-481B-A1C8-EC50465A3B89}"
	ProjectSection(SolutionItems) = preProject
		deployment\docker\elk\elasticsearch\config\elasticsearch.yml = deployment\docker\elk\elasticsearch\config\elasticsearch.yml
	EndProjectSection
EndProject
Project("{2150E333-8FDC-42A3-9474-1A3956D46DE8}") = "kibana", "kibana", "{2C1B1119-0227-4FE5-8121-70FB25C1AC69}"
	ProjectSection(SolutionItems) = preProject
		deployment\docker\elk\kibana\Dockerfile = deployment\docker\elk\kibana\Dockerfile
	EndProjectSection
EndProject
Project("{2150E333-8FDC-42A3-9474-1A3956D46DE8}") = "config", "config", "{B5F124C6-EDF1-4926-8999-D47DEA2DD318}"
	ProjectSection(SolutionItems) = preProject
		deployment\docker\elk\kibana\config\kibana.yml = deployment\docker\elk\kibana\config\kibana.yml
	EndProjectSection
EndProject
Project("{2150E333-8FDC-42A3-9474-1A3956D46DE8}") = "redis", "redis", "{7ED03819-C55F-48B7-B6D2-EDCE47CB0FFE}"
EndProject
Project("{2150E333-8FDC-42A3-9474-1A3956D46DE8}") = "createnode", "createnode", "{0FEC0AB4-3C25-447B-B250-C12E20DBD04E}"
	ProjectSection(SolutionItems) = preProject
		deployment\docker\redis\createnode\dockerfile = deployment\docker\redis\createnode\dockerfile
	EndProjectSection
EndProject
Project("{2150E333-8FDC-42A3-9474-1A3956D46DE8}") = "node", "node", "{E0D55571-2101-4642-B48F-F0999114E958}"
	ProjectSection(SolutionItems) = preProject
		deployment\docker\redis\node\dockerfile = deployment\docker\redis\node\dockerfile
		deployment\docker\redis\node\rediscluster.conf = deployment\docker\redis\node\rediscluster.conf
	EndProjectSection
EndProject
Project("{2150E333-8FDC-42A3-9474-1A3956D46DE8}") = "sentinel", "sentinel", "{F3855CCF-B844-477D-8BF2-5151C75AA03E}"
	ProjectSection(SolutionItems) = preProject
		deployment\docker\redis\sentinel\dockerfile = deployment\docker\redis\sentinel\dockerfile
		deployment\docker\redis\sentinel\sentinel.conf = deployment\docker\redis\sentinel\sentinel.conf
	EndProjectSection
EndProject
Global
	GlobalSection(SolutionConfigurationPlatforms) = preSolution
		Debug|Any CPU = Debug|Any CPU
		Release|Any CPU = Release|Any CPU
	EndGlobalSection
	GlobalSection(ProjectConfigurationPlatforms) = postSolution
		{63E41041-B1EE-4340-94C1-A5F4A666276B}.Debug|Any CPU.ActiveCfg = Debug|Any CPU
		{63E41041-B1EE-4340-94C1-A5F4A666276B}.Debug|Any CPU.Build.0 = Debug|Any CPU
		{63E41041-B1EE-4340-94C1-A5F4A666276B}.Release|Any CPU.ActiveCfg = Release|Any CPU
		{63E41041-B1EE-4340-94C1-A5F4A666276B}.Release|Any CPU.Build.0 = Release|Any CPU
		{BACBC48C-A298-4E7D-8806-95D39D30D9A9}.Debug|Any CPU.ActiveCfg = Debug|Any CPU
		{BACBC48C-A298-4E7D-8806-95D39D30D9A9}.Debug|Any CPU.Build.0 = Debug|Any CPU
		{BACBC48C-A298-4E7D-8806-95D39D30D9A9}.Release|Any CPU.ActiveCfg = Release|Any CPU
		{BACBC48C-A298-4E7D-8806-95D39D30D9A9}.Release|Any CPU.Build.0 = Release|Any CPU
		{C4452452-84D6-4E16-B4C0-BC0DFD4C0279}.Debug|Any CPU.ActiveCfg = Debug|Any CPU
		{C4452452-84D6-4E16-B4C0-BC0DFD4C0279}.Debug|Any CPU.Build.0 = Debug|Any CPU
		{C4452452-84D6-4E16-B4C0-BC0DFD4C0279}.Release|Any CPU.ActiveCfg = Release|Any CPU
		{C4452452-84D6-4E16-B4C0-BC0DFD4C0279}.Release|Any CPU.Build.0 = Release|Any CPU
		{F0F2FC53-323E-4A10-83B3-97C2BBCC5C4A}.Debug|Any CPU.ActiveCfg = Debug|Any CPU
		{F0F2FC53-323E-4A10-83B3-97C2BBCC5C4A}.Debug|Any CPU.Build.0 = Debug|Any CPU
		{F0F2FC53-323E-4A10-83B3-97C2BBCC5C4A}.Release|Any CPU.ActiveCfg = Release|Any CPU
		{F0F2FC53-323E-4A10-83B3-97C2BBCC5C4A}.Release|Any CPU.Build.0 = Release|Any CPU
		{D6F7B8F7-9C3A-45F9-B727-C548C0C38F66}.Debug|Any CPU.ActiveCfg = Debug|Any CPU
		{D6F7B8F7-9C3A-45F9-B727-C548C0C38F66}.Debug|Any CPU.Build.0 = Debug|Any CPU
		{D6F7B8F7-9C3A-45F9-B727-C548C0C38F66}.Release|Any CPU.ActiveCfg = Release|Any CPU
		{D6F7B8F7-9C3A-45F9-B727-C548C0C38F66}.Release|Any CPU.Build.0 = Release|Any CPU
		{4686FD11-008A-4191-8507-0C03764FB42C}.Debug|Any CPU.ActiveCfg = Debug|Any CPU
		{4686FD11-008A-4191-8507-0C03764FB42C}.Debug|Any CPU.Build.0 = Debug|Any CPU
		{4686FD11-008A-4191-8507-0C03764FB42C}.Release|Any CPU.ActiveCfg = Release|Any CPU
		{4686FD11-008A-4191-8507-0C03764FB42C}.Release|Any CPU.Build.0 = Release|Any CPU
		{EE7BF5D1-075F-4AC7-A26B-BD3F94839129}.Debug|Any CPU.ActiveCfg = Debug|Any CPU
		{EE7BF5D1-075F-4AC7-A26B-BD3F94839129}.Debug|Any CPU.Build.0 = Debug|Any CPU
		{EE7BF5D1-075F-4AC7-A26B-BD3F94839129}.Release|Any CPU.ActiveCfg = Release|Any CPU
		{EE7BF5D1-075F-4AC7-A26B-BD3F94839129}.Release|Any CPU.Build.0 = Release|Any CPU
		{2BC6528D-8232-4571-B1B3-171B24155037}.Debug|Any CPU.ActiveCfg = Debug|Any CPU
		{2BC6528D-8232-4571-B1B3-171B24155037}.Debug|Any CPU.Build.0 = Debug|Any CPU
		{2BC6528D-8232-4571-B1B3-171B24155037}.Release|Any CPU.ActiveCfg = Release|Any CPU
		{2BC6528D-8232-4571-B1B3-171B24155037}.Release|Any CPU.Build.0 = Release|Any CPU
		{997B427D-C0E7-4881-BAD4-9D5F3FEB6490}.Debug|Any CPU.ActiveCfg = Debug|Any CPU
		{997B427D-C0E7-4881-BAD4-9D5F3FEB6490}.Debug|Any CPU.Build.0 = Debug|Any CPU
		{997B427D-C0E7-4881-BAD4-9D5F3FEB6490}.Release|Any CPU.ActiveCfg = Release|Any CPU
		{997B427D-C0E7-4881-BAD4-9D5F3FEB6490}.Release|Any CPU.Build.0 = Release|Any CPU
		{5F2D3897-AEC3-452F-A3C0-5B584DB9C207}.Debug|Any CPU.ActiveCfg = Debug|Any CPU
		{5F2D3897-AEC3-452F-A3C0-5B584DB9C207}.Debug|Any CPU.Build.0 = Debug|Any CPU
		{5F2D3897-AEC3-452F-A3C0-5B584DB9C207}.Release|Any CPU.ActiveCfg = Release|Any CPU
		{5F2D3897-AEC3-452F-A3C0-5B584DB9C207}.Release|Any CPU.Build.0 = Release|Any CPU
		{C292D016-3535-4C27-A3CC-29033C5A1AC1}.Debug|Any CPU.ActiveCfg = Debug|Any CPU
		{C292D016-3535-4C27-A3CC-29033C5A1AC1}.Debug|Any CPU.Build.0 = Debug|Any CPU
		{C292D016-3535-4C27-A3CC-29033C5A1AC1}.Release|Any CPU.ActiveCfg = Release|Any CPU
		{C292D016-3535-4C27-A3CC-29033C5A1AC1}.Release|Any CPU.Build.0 = Release|Any CPU
		{F19A001D-987C-4A67-93AE-776CB049EBA6}.Debug|Any CPU.ActiveCfg = Debug|Any CPU
		{F19A001D-987C-4A67-93AE-776CB049EBA6}.Debug|Any CPU.Build.0 = Debug|Any CPU
		{F19A001D-987C-4A67-93AE-776CB049EBA6}.Release|Any CPU.ActiveCfg = Release|Any CPU
		{F19A001D-987C-4A67-93AE-776CB049EBA6}.Release|Any CPU.Build.0 = Release|Any CPU
		{23EBE1A2-7AA8-4FF4-81A7-FDA7E1A2358D}.Debug|Any CPU.ActiveCfg = Debug|Any CPU
		{23EBE1A2-7AA8-4FF4-81A7-FDA7E1A2358D}.Debug|Any CPU.Build.0 = Debug|Any CPU
		{23EBE1A2-7AA8-4FF4-81A7-FDA7E1A2358D}.Release|Any CPU.ActiveCfg = Release|Any CPU
		{23EBE1A2-7AA8-4FF4-81A7-FDA7E1A2358D}.Release|Any CPU.Build.0 = Release|Any CPU
		{CF4FFAE3-79A3-4963-BA5D-42BF44B353B6}.Debug|Any CPU.ActiveCfg = Debug|Any CPU
		{CF4FFAE3-79A3-4963-BA5D-42BF44B353B6}.Debug|Any CPU.Build.0 = Debug|Any CPU
		{CF4FFAE3-79A3-4963-BA5D-42BF44B353B6}.Release|Any CPU.ActiveCfg = Release|Any CPU
		{CF4FFAE3-79A3-4963-BA5D-42BF44B353B6}.Release|Any CPU.Build.0 = Release|Any CPU
		{97CB3A9E-7B57-43C5-A16F-CDA1B3991E7B}.Debug|Any CPU.ActiveCfg = Debug|Any CPU
		{97CB3A9E-7B57-43C5-A16F-CDA1B3991E7B}.Debug|Any CPU.Build.0 = Debug|Any CPU
		{97CB3A9E-7B57-43C5-A16F-CDA1B3991E7B}.Release|Any CPU.ActiveCfg = Release|Any CPU
		{97CB3A9E-7B57-43C5-A16F-CDA1B3991E7B}.Release|Any CPU.Build.0 = Release|Any CPU
	EndGlobalSection
	GlobalSection(SolutionProperties) = preSolution
		HideSolutionNode = FALSE
	EndGlobalSection
	GlobalSection(NestedProjects) = preSolution
		{C5FCBE4B-25BB-45F1-A3FF-9E2218F8B3C2} = {B9CC07A2-D1E3-4636-B8E5-C94D7FBB4835}
		{0F656E10-65A1-45DA-A97A-7B14FF83405E} = {B9CC07A2-D1E3-4636-B8E5-C94D7FBB4835}
		{0F33C1FD-85B8-4ADA-84BF-EA179CA14D66} = {B9CC07A2-D1E3-4636-B8E5-C94D7FBB4835}
		{63E41041-B1EE-4340-94C1-A5F4A666276B} = {0F33C1FD-85B8-4ADA-84BF-EA179CA14D66}
		{BACBC48C-A298-4E7D-8806-95D39D30D9A9} = {C5FCBE4B-25BB-45F1-A3FF-9E2218F8B3C2}
		{253D0585-9100-41CC-8FFB-8062B6701A9F} = {C5FCBE4B-25BB-45F1-A3FF-9E2218F8B3C2}
		{C4452452-84D6-4E16-B4C0-BC0DFD4C0279} = {253D0585-9100-41CC-8FFB-8062B6701A9F}
		{F0F2FC53-323E-4A10-83B3-97C2BBCC5C4A} = {253D0585-9100-41CC-8FFB-8062B6701A9F}
		{D6F7B8F7-9C3A-45F9-B727-C548C0C38F66} = {253D0585-9100-41CC-8FFB-8062B6701A9F}
		{4686FD11-008A-4191-8507-0C03764FB42C} = {0F656E10-65A1-45DA-A97A-7B14FF83405E}
		{5641DD69-A039-4D9B-BD45-8A861F7F8E7D} = {A2839155-7408-478B-90A1-7FADB88D33B2}
		{A2839155-7408-478B-90A1-7FADB88D33B2} = {B9CC07A2-D1E3-4636-B8E5-C94D7FBB4835}
		{EE7BF5D1-075F-4AC7-A26B-BD3F94839129} = {5641DD69-A039-4D9B-BD45-8A861F7F8E7D}
		{2BC6528D-8232-4571-B1B3-171B24155037} = {5641DD69-A039-4D9B-BD45-8A861F7F8E7D}
		{997B427D-C0E7-4881-BAD4-9D5F3FEB6490} = {A2839155-7408-478B-90A1-7FADB88D33B2}
		{5F2D3897-AEC3-452F-A3C0-5B584DB9C207} = {C5FCBE4B-25BB-45F1-A3FF-9E2218F8B3C2}
		{9D5B19D4-07B0-40A9-8734-344AF871E7D4} = {B9CC07A2-D1E3-4636-B8E5-C94D7FBB4835}
		{C292D016-3535-4C27-A3CC-29033C5A1AC1} = {9D5B19D4-07B0-40A9-8734-344AF871E7D4}
		{F19A001D-987C-4A67-93AE-776CB049EBA6} = {9D5B19D4-07B0-40A9-8734-344AF871E7D4}
		{23EBE1A2-7AA8-4FF4-81A7-FDA7E1A2358D} = {9D5B19D4-07B0-40A9-8734-344AF871E7D4}
		{CF4FFAE3-79A3-4963-BA5D-42BF44B353B6} = {5641DD69-A039-4D9B-BD45-8A861F7F8E7D}
		{97CB3A9E-7B57-43C5-A16F-CDA1B3991E7B} = {253D0585-9100-41CC-8FFB-8062B6701A9F}
		{ECDEE8AB-1BD2-45CF-BFC2-2DCFB19DCD94} = {8DF79C33-5D72-4CFA-A3EF-5DEE717EDF72}
		{1494C0F1-7DA9-4B4F-9594-B03074868CDA} = {ECDEE8AB-1BD2-45CF-BFC2-2DCFB19DCD94}
		{4D33688A-30FF-4BF4-B1BE-7C53DA38D583} = {1494C0F1-7DA9-4B4F-9594-B03074868CDA}
		{0F3E3E71-A118-481B-A1C8-EC50465A3B89} = {4D33688A-30FF-4BF4-B1BE-7C53DA38D583}
		{2C1B1119-0227-4FE5-8121-70FB25C1AC69} = {1494C0F1-7DA9-4B4F-9594-B03074868CDA}
		{B5F124C6-EDF1-4926-8999-D47DEA2DD318} = {2C1B1119-0227-4FE5-8121-70FB25C1AC69}
		{7ED03819-C55F-48B7-B6D2-EDCE47CB0FFE} = {ECDEE8AB-1BD2-45CF-BFC2-2DCFB19DCD94}
		{0FEC0AB4-3C25-447B-B250-C12E20DBD04E} = {7ED03819-C55F-48B7-B6D2-EDCE47CB0FFE}
		{E0D55571-2101-4642-B48F-F0999114E958} = {7ED03819-C55F-48B7-B6D2-EDCE47CB0FFE}
		{F3855CCF-B844-477D-8BF2-5151C75AA03E} = {7ED03819-C55F-48B7-B6D2-EDCE47CB0FFE}
	EndGlobalSection
	GlobalSection(ExtensibilityGlobals) = postSolution
		SolutionGuid = {0449C612-F29B-409C-8211-5B0D75F4F3B5}
	EndGlobalSection
EndGlobal
