
Microsoft Visual Studio Solution File, Format Version 12.00
# Visual Studio Version 16
VisualStudioVersion = 16.0.29102.190
MinimumVisualStudioVersion = 10.0.40219.1
Project("{2150E333-8FDC-42A3-9474-1A3956D46DE8}") = "src", "src", "{B9CC07A2-D1E3-4636-B8E5-C94D7FBB4835}"
EndProject
Project("{2150E333-8FDC-42A3-9474-1A3956D46DE8}") = "Doc", "Doc", "{E7D8BAB1-3A3E-44AE-AB9D-8D79341383DD}"
	ProjectSection(SolutionItems) = preProject
		Makefile = Makefile
		README.md = README.md
		系統架構圖.png = 系統架構圖.png
	EndProjectSection
EndProject
Project("{2150E333-8FDC-42A3-9474-1A3956D46DE8}") = "WebUI", "WebUI", "{0F33C1FD-85B8-4ADA-84BF-EA179CA14D66}"
EndProject
Project("{9A19103F-16F7-4668-BE54-9A1E7A4F7556}") = "BoardGameAngular", "src\WebUI\BoardGameAngular\BoardGameAngular.csproj", "{63E41041-B1EE-4340-94C1-A5F4A666276B}"
EndProject
Project("{2150E333-8FDC-42A3-9474-1A3956D46DE8}") = "Common", "Common", "{A2839155-7408-478B-90A1-7FADB88D33B2}"
EndProject
Project("{9A19103F-16F7-4668-BE54-9A1E7A4F7556}") = "Domain", "src\Common\Domain\Domain.csproj", "{997B427D-C0E7-4881-BAD4-9D5F3FEB6490}"
EndProject
Project("{2150E333-8FDC-42A3-9474-1A3956D46DE8}") = "deployment", "deployment", "{8DF79C33-5D72-4CFA-A3EF-5DEE717EDF72}"
EndProject
Project("{2150E333-8FDC-42A3-9474-1A3956D46DE8}") = "docker", "docker", "{ECDEE8AB-1BD2-45CF-BFC2-2DCFB19DCD94}"
	ProjectSection(SolutionItems) = preProject
		deployment\docker\.env = deployment\docker\.env
		deployment\docker\api.yml = deployment\docker\api.yml
		deployment\docker\cluster-redis.yml = deployment\docker\cluster-redis.yml
		deployment\docker\db.yml = deployment\docker\db.yml
		deployment\docker\docker-compose.yml = deployment\docker\docker-compose.yml
		deployment\docker\elk.yml = deployment\docker\elk.yml
	EndProjectSection
EndProject
Project("{2150E333-8FDC-42A3-9474-1A3956D46DE8}") = "elk", "elk", "{1494C0F1-7DA9-4B4F-9594-B03074868CDA}"
EndProject
Project("{2150E333-8FDC-42A3-9474-1A3956D46DE8}") = "elasticsearch", "elasticsearch", "{4D33688A-30FF-4BF4-B1BE-7C53DA38D583}"
	ProjectSection(SolutionItems) = preProject
		deployment\docker\elk\elasticsearch\Dockerfile = deployment\docker\elk\elasticsearch\Dockerfile
	EndProjectSection
EndProject
Project("{2150E333-8FDC-42A3-9474-1A3956D46DE8}") = "config", "config", "{0F3E3E71-A118-481B-A1C8-EC50465A3B89}"
	ProjectSection(SolutionItems) = preProject
		deployment\docker\elk\elasticsearch\config\elasticsearch.yml = deployment\docker\elk\elasticsearch\config\elasticsearch.yml
	EndProjectSection
EndProject
Project("{2150E333-8FDC-42A3-9474-1A3956D46DE8}") = "kibana", "kibana", "{2C1B1119-0227-4FE5-8121-70FB25C1AC69}"
	ProjectSection(SolutionItems) = preProject
		deployment\docker\elk\kibana\Dockerfile = deployment\docker\elk\kibana\Dockerfile
	EndProjectSection
EndProject
Project("{2150E333-8FDC-42A3-9474-1A3956D46DE8}") = "config", "config", "{B5F124C6-EDF1-4926-8999-D47DEA2DD318}"
	ProjectSection(SolutionItems) = preProject
		deployment\docker\elk\kibana\config\kibana.yml = deployment\docker\elk\kibana\config\kibana.yml
	EndProjectSection
EndProject
Project("{2150E333-8FDC-42A3-9474-1A3956D46DE8}") = "redis", "redis", "{7ED03819-C55F-48B7-B6D2-EDCE47CB0FFE}"
EndProject
Project("{2150E333-8FDC-42A3-9474-1A3956D46DE8}") = "createnode", "createnode", "{0FEC0AB4-3C25-447B-B250-C12E20DBD04E}"
	ProjectSection(SolutionItems) = preProject
		deployment\docker\redis\createnode\dockerfile = deployment\docker\redis\createnode\dockerfile
	EndProjectSection
EndProject
Project("{2150E333-8FDC-42A3-9474-1A3956D46DE8}") = "node", "node", "{E0D55571-2101-4642-B48F-F0999114E958}"
	ProjectSection(SolutionItems) = preProject
		deployment\docker\redis\node\dockerfile = deployment\docker\redis\node\dockerfile
		deployment\docker\redis\node\redis.conf = deployment\docker\redis\node\redis.conf
		deployment\docker\redis\node\rediscluster.conf = deployment\docker\redis\node\rediscluster.conf
	EndProjectSection
EndProject
Project("{2150E333-8FDC-42A3-9474-1A3956D46DE8}") = "sentinel", "sentinel", "{F3855CCF-B844-477D-8BF2-5151C75AA03E}"
	ProjectSection(SolutionItems) = preProject
		deployment\docker\redis\sentinel\dockerfile = deployment\docker\redis\sentinel\dockerfile
		deployment\docker\redis\sentinel\sentinel.conf = deployment\docker\redis\sentinel\sentinel.conf
	EndProjectSection
EndProject
Project("{9A19103F-16F7-4668-BE54-9A1E7A4F7556}") = "Util", "src\Common\Util\Util.csproj", "{7279C07E-11C5-43EE-88D6-1E93F6363BEC}"
EndProject
Project("{2150E333-8FDC-42A3-9474-1A3956D46DE8}") = "nginx", "nginx", "{60821BF0-F048-4D59-97F7-48FCB352292E}"
	ProjectSection(SolutionItems) = preProject
		deployment\docker\nginx\Dockerfile = deployment\docker\nginx\Dockerfile
		deployment\docker\nginx\nginx.conf = deployment\docker\nginx\nginx.conf
	EndProjectSection
EndProject
Project("{9A19103F-16F7-4668-BE54-9A1E7A4F7556}") = "Api", "src\Api\Api.csproj", "{8C499803-B320-4321-B330-CD4EE93ACC6D}"
EndProject
Project("{9A19103F-16F7-4668-BE54-9A1E7A4F7556}") = "BLL", "src\BLL\BLL.csproj", "{9C5554AB-5197-44D3-8C85-CBE9F3DA51B1}"
EndProject
Project("{9A19103F-16F7-4668-BE54-9A1E7A4F7556}") = "DAL", "src\DAL\DAL.csproj", "{64D0B99F-D06A-472B-8DDC-D90257ED7AC2}"
EndProject
Project("{9A19103F-16F7-4668-BE54-9A1E7A4F7556}") = "BoardGame.GameLogicTests", "src\BoardGame.GameLogicTests\BoardGame.GameLogicTests.csproj", "{1D426B4A-B607-4C2F-A42F-21D161112795}"
EndProject
Global
	GlobalSection(SolutionConfigurationPlatforms) = preSolution
		Debug|Any CPU = Debug|Any CPU
		Release|Any CPU = Release|Any CPU
	EndGlobalSection
	GlobalSection(ProjectConfigurationPlatforms) = postSolution
		{63E41041-B1EE-4340-94C1-A5F4A666276B}.Debug|Any CPU.ActiveCfg = Debug|Any CPU
		{63E41041-B1EE-4340-94C1-A5F4A666276B}.Debug|Any CPU.Build.0 = Debug|Any CPU
		{63E41041-B1EE-4340-94C1-A5F4A666276B}.Release|Any CPU.ActiveCfg = Release|Any CPU
		{63E41041-B1EE-4340-94C1-A5F4A666276B}.Release|Any CPU.Build.0 = Release|Any CPU
		{997B427D-C0E7-4881-BAD4-9D5F3FEB6490}.Debug|Any CPU.ActiveCfg = Debug|Any CPU
		{997B427D-C0E7-4881-BAD4-9D5F3FEB6490}.Debug|Any CPU.Build.0 = Debug|Any CPU
		{997B427D-C0E7-4881-BAD4-9D5F3FEB6490}.Release|Any CPU.ActiveCfg = Release|Any CPU
		{997B427D-C0E7-4881-BAD4-9D5F3FEB6490}.Release|Any CPU.Build.0 = Release|Any CPU
		{7279C07E-11C5-43EE-88D6-1E93F6363BEC}.Debug|Any CPU.ActiveCfg = Debug|Any CPU
		{7279C07E-11C5-43EE-88D6-1E93F6363BEC}.Debug|Any CPU.Build.0 = Debug|Any CPU
		{7279C07E-11C5-43EE-88D6-1E93F6363BEC}.Release|Any CPU.ActiveCfg = Release|Any CPU
		{7279C07E-11C5-43EE-88D6-1E93F6363BEC}.Release|Any CPU.Build.0 = Release|Any CPU
		{8C499803-B320-4321-B330-CD4EE93ACC6D}.Debug|Any CPU.ActiveCfg = Debug|Any CPU
		{8C499803-B320-4321-B330-CD4EE93ACC6D}.Debug|Any CPU.Build.0 = Debug|Any CPU
		{8C499803-B320-4321-B330-CD4EE93ACC6D}.Release|Any CPU.ActiveCfg = Release|Any CPU
		{8C499803-B320-4321-B330-CD4EE93ACC6D}.Release|Any CPU.Build.0 = Release|Any CPU
		{9C5554AB-5197-44D3-8C85-CBE9F3DA51B1}.Debug|Any CPU.ActiveCfg = Debug|Any CPU
		{9C5554AB-5197-44D3-8C85-CBE9F3DA51B1}.Debug|Any CPU.Build.0 = Debug|Any CPU
		{9C5554AB-5197-44D3-8C85-CBE9F3DA51B1}.Release|Any CPU.ActiveCfg = Release|Any CPU
		{9C5554AB-5197-44D3-8C85-CBE9F3DA51B1}.Release|Any CPU.Build.0 = Release|Any CPU
		{64D0B99F-D06A-472B-8DDC-D90257ED7AC2}.Debug|Any CPU.ActiveCfg = Debug|Any CPU
		{64D0B99F-D06A-472B-8DDC-D90257ED7AC2}.Debug|Any CPU.Build.0 = Debug|Any CPU
		{64D0B99F-D06A-472B-8DDC-D90257ED7AC2}.Release|Any CPU.ActiveCfg = Release|Any CPU
		{64D0B99F-D06A-472B-8DDC-D90257ED7AC2}.Release|Any CPU.Build.0 = Release|Any CPU
		{1D426B4A-B607-4C2F-A42F-21D161112795}.Debug|Any CPU.ActiveCfg = Debug|Any CPU
		{1D426B4A-B607-4C2F-A42F-21D161112795}.Debug|Any CPU.Build.0 = Debug|Any CPU
		{1D426B4A-B607-4C2F-A42F-21D161112795}.Release|Any CPU.ActiveCfg = Release|Any CPU
		{1D426B4A-B607-4C2F-A42F-21D161112795}.Release|Any CPU.Build.0 = Release|Any CPU
	EndGlobalSection
	GlobalSection(SolutionProperties) = preSolution
		HideSolutionNode = FALSE
	EndGlobalSection
	GlobalSection(NestedProjects) = preSolution
		{0F33C1FD-85B8-4ADA-84BF-EA179CA14D66} = {B9CC07A2-D1E3-4636-B8E5-C94D7FBB4835}
		{63E41041-B1EE-4340-94C1-A5F4A666276B} = {0F33C1FD-85B8-4ADA-84BF-EA179CA14D66}
		{A2839155-7408-478B-90A1-7FADB88D33B2} = {B9CC07A2-D1E3-4636-B8E5-C94D7FBB4835}
		{997B427D-C0E7-4881-BAD4-9D5F3FEB6490} = {A2839155-7408-478B-90A1-7FADB88D33B2}
		{ECDEE8AB-1BD2-45CF-BFC2-2DCFB19DCD94} = {8DF79C33-5D72-4CFA-A3EF-5DEE717EDF72}
		{1494C0F1-7DA9-4B4F-9594-B03074868CDA} = {ECDEE8AB-1BD2-45CF-BFC2-2DCFB19DCD94}
		{4D33688A-30FF-4BF4-B1BE-7C53DA38D583} = {1494C0F1-7DA9-4B4F-9594-B03074868CDA}
		{0F3E3E71-A118-481B-A1C8-EC50465A3B89} = {4D33688A-30FF-4BF4-B1BE-7C53DA38D583}
		{2C1B1119-0227-4FE5-8121-70FB25C1AC69} = {1494C0F1-7DA9-4B4F-9594-B03074868CDA}
		{B5F124C6-EDF1-4926-8999-D47DEA2DD318} = {2C1B1119-0227-4FE5-8121-70FB25C1AC69}
		{7ED03819-C55F-48B7-B6D2-EDCE47CB0FFE} = {ECDEE8AB-1BD2-45CF-BFC2-2DCFB19DCD94}
		{0FEC0AB4-3C25-447B-B250-C12E20DBD04E} = {7ED03819-C55F-48B7-B6D2-EDCE47CB0FFE}
		{E0D55571-2101-4642-B48F-F0999114E958} = {7ED03819-C55F-48B7-B6D2-EDCE47CB0FFE}
		{F3855CCF-B844-477D-8BF2-5151C75AA03E} = {7ED03819-C55F-48B7-B6D2-EDCE47CB0FFE}
		{7279C07E-11C5-43EE-88D6-1E93F6363BEC} = {A2839155-7408-478B-90A1-7FADB88D33B2}
		{60821BF0-F048-4D59-97F7-48FCB352292E} = {ECDEE8AB-1BD2-45CF-BFC2-2DCFB19DCD94}
		{8C499803-B320-4321-B330-CD4EE93ACC6D} = {B9CC07A2-D1E3-4636-B8E5-C94D7FBB4835}
		{9C5554AB-5197-44D3-8C85-CBE9F3DA51B1} = {B9CC07A2-D1E3-4636-B8E5-C94D7FBB4835}
		{64D0B99F-D06A-472B-8DDC-D90257ED7AC2} = {B9CC07A2-D1E3-4636-B8E5-C94D7FBB4835}
		{1D426B4A-B607-4C2F-A42F-21D161112795} = {B9CC07A2-D1E3-4636-B8E5-C94D7FBB4835}
	EndGlobalSection
	GlobalSection(ExtensibilityGlobals) = postSolution
		SolutionGuid = {0449C612-F29B-409C-8211-5B0D75F4F3B5}
	EndGlobalSection
EndGlobal
