
Microsoft Visual Studio Solution File, Format Version 12.00
# Visual Studio Version 16
VisualStudioVersion = 16.0.29102.190
MinimumVisualStudioVersion = 10.0.40219.1
Project("{2150E333-8FDC-42A3-9474-1A3956D46DE8}") = "src", "src", "{B9CC07A2-D1E3-4636-B8E5-C94D7FBB4835}"
EndProject
Project("{2150E333-8FDC-42A3-9474-1A3956D46DE8}") = "Doc", "Doc", "{E7D8BAB1-3A3E-44AE-AB9D-8D79341383DD}"
	ProjectSection(SolutionItems) = preProject
		README.md = README.md
		系統架構圖.png = 系統架構圖.png
	EndProjectSection
EndProject
Project("{2150E333-8FDC-42A3-9474-1A3956D46DE8}") = "Docker", "Docker", "{BE85CF8B-E4F0-4470-934C-62E6DB98DD3F}"
	ProjectSection(SolutionItems) = preProject
		.env = .env
		docker-compose.yml = docker-compose.yml
	EndProjectSection
EndProject
Project("{2150E333-8FDC-42A3-9474-1A3956D46DE8}") = "Services", "Services", "{C5FCBE4B-25BB-45F1-A3FF-9E2218F8B3C2}"
EndProject
Project("{2150E333-8FDC-42A3-9474-1A3956D46DE8}") = "ApiGateways", "ApiGateways", "{0F656E10-65A1-45DA-A97A-7B14FF83405E}"
EndProject
Project("{2150E333-8FDC-42A3-9474-1A3956D46DE8}") = "WebUI", "WebUI", "{0F33C1FD-85B8-4ADA-84BF-EA179CA14D66}"
EndProject
Project("{9A19103F-16F7-4668-BE54-9A1E7A4F7556}") = "BoardGameAngular", "src\WebUI\BoardGameAngular\BoardGameAngular.csproj", "{63E41041-B1EE-4340-94C1-A5F4A666276B}"
EndProject
Project("{9A19103F-16F7-4668-BE54-9A1E7A4F7556}") = "AuthWebService", "src\Services\Auth\AuthWebService\AuthWebService.csproj", "{BACBC48C-A298-4E7D-8806-95D39D30D9A9}"
EndProject
Project("{2150E333-8FDC-42A3-9474-1A3956D46DE8}") = "Game", "Game", "{253D0585-9100-41CC-8FFB-8062B6701A9F}"
EndProject
Project("{9A19103F-16F7-4668-BE54-9A1E7A4F7556}") = "BoardGame.GameLogicTests", "src\Services\Game\BoardGame.GameLogicTests\BoardGame.GameLogicTests.csproj", "{C4452452-84D6-4E16-B4C0-BC0DFD4C0279}"
EndProject
Project("{9A19103F-16F7-4668-BE54-9A1E7A4F7556}") = "GameLogic", "src\Services\Game\GameLogic\GameLogic.csproj", "{F0F2FC53-323E-4A10-83B3-97C2BBCC5C4A}"
EndProject
Project("{9A19103F-16F7-4668-BE54-9A1E7A4F7556}") = "BigTwoLogic", "src\Services\Game\BigTwoLogic\BigTwoLogic.csproj", "{D6F7B8F7-9C3A-45F9-B727-C548C0C38F66}"
EndProject
Project("{FAE04EC0-301F-11D3-BF4B-00C04F79EFBC}") = "GameInterfaces", "src\Services\Game\GameInterfaces\GameInterfaces.csproj", "{B10A8D53-A069-4EFA-87B8-7387A9AE6D75}"
EndProject
Project("{9A19103F-16F7-4668-BE54-9A1E7A4F7556}") = "OcelotApiGateway", "src\ApiGateways\OcelotApiGateway\OcelotApiGateway.csproj", "{4686FD11-008A-4191-8507-0C03764FB42C}"
EndProject
Project("{2150E333-8FDC-42A3-9474-1A3956D46DE8}") = "Util", "Util", "{5641DD69-A039-4D9B-BD45-8A861F7F8E7D}"
EndProject
Project("{2150E333-8FDC-42A3-9474-1A3956D46DE8}") = "Common", "Common", "{A2839155-7408-478B-90A1-7FADB88D33B2}"
EndProject
Project("{9A19103F-16F7-4668-BE54-9A1E7A4F7556}") = "Convert", "src\Common\Util\CommonUtil\Convert.csproj", "{EE7BF5D1-075F-4AC7-A26B-BD3F94839129}"
EndProject
Project("{9A19103F-16F7-4668-BE54-9A1E7A4F7556}") = "HttpHelper", "src\Common\Util\HttpHelper\HttpHelper.csproj", "{2BC6528D-8232-4571-B1B3-171B24155037}"
EndProject
Project("{9A19103F-16F7-4668-BE54-9A1E7A4F7556}") = "Domain", "src\Common\Domain\Domain.csproj", "{997B427D-C0E7-4881-BAD4-9D5F3FEB6490}"
EndProject
Project("{2150E333-8FDC-42A3-9474-1A3956D46DE8}") = "ELK", "ELK", "{66DDD5F1-300F-4248-B246-9B587AAA0BCF}"
EndProject
Project("{2150E333-8FDC-42A3-9474-1A3956D46DE8}") = "Kibana", "Kibana", "{DEF3E967-F7B4-491E-A10D-6CA9DFA36D08}"
	ProjectSection(SolutionItems) = preProject
		ELK\Kibana\Dockerfile = ELK\Kibana\Dockerfile
	EndProjectSection
EndProject
Project("{2150E333-8FDC-42A3-9474-1A3956D46DE8}") = "Elasticsearch", "Elasticsearch", "{BACB6EAF-6508-4088-9104-4A6968F5C577}"
	ProjectSection(SolutionItems) = preProject
		ELK\Elasticsearch\Dockerfile = ELK\Elasticsearch\Dockerfile
	EndProjectSection
EndProject
Project("{2150E333-8FDC-42A3-9474-1A3956D46DE8}") = "config", "config", "{A259886A-A32F-45F5-AB5A-CD0BA9BD2C85}"
	ProjectSection(SolutionItems) = preProject
		ELK\Elasticsearch\config\elasticsearch.yml = ELK\Elasticsearch\config\elasticsearch.yml
	EndProjectSection
EndProject
Project("{2150E333-8FDC-42A3-9474-1A3956D46DE8}") = "config", "config", "{32AB56B1-9C00-41BB-91FE-16B0B5383993}"
	ProjectSection(SolutionItems) = preProject
		ELK\Kibana\config\kibana.yml = ELK\Kibana\config\kibana.yml
	EndProjectSection
EndProject
Project("{2150E333-8FDC-42A3-9474-1A3956D46DE8}") = "Redis", "Redis", "{369694BC-2749-443A-858C-1FBAE3343258}"
EndProject
Project("{2150E333-8FDC-42A3-9474-1A3956D46DE8}") = "createnode", "createnode", "{508447DF-CBAC-4723-9BD5-7D6D629EEA50}"
	ProjectSection(SolutionItems) = preProject
		redis\createnode\dockerfile = redis\createnode\dockerfile
	EndProjectSection
EndProject
Project("{2150E333-8FDC-42A3-9474-1A3956D46DE8}") = "node", "node", "{6BDA9E7D-3794-4BF0-AF98-9DA0563FCB64}"
	ProjectSection(SolutionItems) = preProject
		redis\node\dockerfile = redis\node\dockerfile
		redis\node\rediscluster.conf = redis\node\rediscluster.conf
	EndProjectSection
EndProject
Project("{2150E333-8FDC-42A3-9474-1A3956D46DE8}") = "sentinel", "sentinel", "{92E419BE-941A-41E2-9D21-82CA2047006B}"
	ProjectSection(SolutionItems) = preProject
		redis\sentinel\dockerfile = redis\sentinel\dockerfile
		redis\sentinel\sentinel.conf = redis\sentinel\sentinel.conf
	EndProjectSection
EndProject
Project("{9A19103F-16F7-4668-BE54-9A1E7A4F7556}") = "LobbyWebService", "src\Services\Lobby\LobbyWebService.csproj", "{5F2D3897-AEC3-452F-A3C0-5B584DB9C207}"
EndProject
Project("{2150E333-8FDC-42A3-9474-1A3956D46DE8}") = "Repositories", "Repositories", "{9D5B19D4-07B0-40A9-8734-344AF871E7D4}"
EndProject
Project("{9A19103F-16F7-4668-BE54-9A1E7A4F7556}") = "GameRespository", "src\Repositories\Game\GameRespository.csproj", "{C292D016-3535-4C27-A3CC-29033C5A1AC1}"
EndProject
Project("{9A19103F-16F7-4668-BE54-9A1E7A4F7556}") = "RedisRepository", "src\Repositories\Redis\RedisRepository.csproj", "{F19A001D-987C-4A67-93AE-776CB049EBA6}"
EndProject
Project("{9A19103F-16F7-4668-BE54-9A1E7A4F7556}") = "MemberRepository", "src\Repositories\Member\MemberRepository.csproj", "{23EBE1A2-7AA8-4FF4-81A7-FDA7E1A2358D}"
EndProject
Project("{9A19103F-16F7-4668-BE54-9A1E7A4F7556}") = "TransactionHelper", "src\Common\Util\TransactionHelper\TransactionHelper.csproj", "{CF4FFAE3-79A3-4963-BA5D-42BF44B353B6}"
EndProject
Project("{9A19103F-16F7-4668-BE54-9A1E7A4F7556}") = "GameWebService", "src\Services\Game\GameWebService\GameWebService.csproj", "{97CB3A9E-7B57-43C5-A16F-CDA1B3991E7B}"
EndProject
Global
	GlobalSection(SolutionConfigurationPlatforms) = preSolution
		Debug|Any CPU = Debug|Any CPU
		Release|Any CPU = Release|Any CPU
	EndGlobalSection
	GlobalSection(ProjectConfigurationPlatforms) = postSolution
		{63E41041-B1EE-4340-94C1-A5F4A666276B}.Debug|Any CPU.ActiveCfg = Debug|Any CPU
		{63E41041-B1EE-4340-94C1-A5F4A666276B}.Debug|Any CPU.Build.0 = Debug|Any CPU
		{63E41041-B1EE-4340-94C1-A5F4A666276B}.Release|Any CPU.ActiveCfg = Release|Any CPU
		{63E41041-B1EE-4340-94C1-A5F4A666276B}.Release|Any CPU.Build.0 = Release|Any CPU
		{BACBC48C-A298-4E7D-8806-95D39D30D9A9}.Debug|Any CPU.ActiveCfg = Debug|Any CPU
		{BACBC48C-A298-4E7D-8806-95D39D30D9A9}.Debug|Any CPU.Build.0 = Debug|Any CPU
		{BACBC48C-A298-4E7D-8806-95D39D30D9A9}.Release|Any CPU.ActiveCfg = Release|Any CPU
		{BACBC48C-A298-4E7D-8806-95D39D30D9A9}.Release|Any CPU.Build.0 = Release|Any CPU
		{C4452452-84D6-4E16-B4C0-BC0DFD4C0279}.Debug|Any CPU.ActiveCfg = Debug|Any CPU
		{C4452452-84D6-4E16-B4C0-BC0DFD4C0279}.Debug|Any CPU.Build.0 = Debug|Any CPU
		{C4452452-84D6-4E16-B4C0-BC0DFD4C0279}.Release|Any CPU.ActiveCfg = Release|Any CPU
		{C4452452-84D6-4E16-B4C0-BC0DFD4C0279}.Release|Any CPU.Build.0 = Release|Any CPU
		{F0F2FC53-323E-4A10-83B3-97C2BBCC5C4A}.Debug|Any CPU.ActiveCfg = Debug|Any CPU
		{F0F2FC53-323E-4A10-83B3-97C2BBCC5C4A}.Debug|Any CPU.Build.0 = Debug|Any CPU
		{F0F2FC53-323E-4A10-83B3-97C2BBCC5C4A}.Release|Any CPU.ActiveCfg = Release|Any CPU
		{F0F2FC53-323E-4A10-83B3-97C2BBCC5C4A}.Release|Any CPU.Build.0 = Release|Any CPU
		{D6F7B8F7-9C3A-45F9-B727-C548C0C38F66}.Debug|Any CPU.ActiveCfg = Debug|Any CPU
		{D6F7B8F7-9C3A-45F9-B727-C548C0C38F66}.Debug|Any CPU.Build.0 = Debug|Any CPU
		{D6F7B8F7-9C3A-45F9-B727-C548C0C38F66}.Release|Any CPU.ActiveCfg = Release|Any CPU
		{D6F7B8F7-9C3A-45F9-B727-C548C0C38F66}.Release|Any CPU.Build.0 = Release|Any CPU
		{B10A8D53-A069-4EFA-87B8-7387A9AE6D75}.Debug|Any CPU.ActiveCfg = Debug|Any CPU
		{B10A8D53-A069-4EFA-87B8-7387A9AE6D75}.Debug|Any CPU.Build.0 = Debug|Any CPU
		{B10A8D53-A069-4EFA-87B8-7387A9AE6D75}.Release|Any CPU.ActiveCfg = Release|Any CPU
		{B10A8D53-A069-4EFA-87B8-7387A9AE6D75}.Release|Any CPU.Build.0 = Release|Any CPU
		{4686FD11-008A-4191-8507-0C03764FB42C}.Debug|Any CPU.ActiveCfg = Debug|Any CPU
		{4686FD11-008A-4191-8507-0C03764FB42C}.Debug|Any CPU.Build.0 = Debug|Any CPU
		{4686FD11-008A-4191-8507-0C03764FB42C}.Release|Any CPU.ActiveCfg = Release|Any CPU
		{4686FD11-008A-4191-8507-0C03764FB42C}.Release|Any CPU.Build.0 = Release|Any CPU
		{EE7BF5D1-075F-4AC7-A26B-BD3F94839129}.Debug|Any CPU.ActiveCfg = Debug|Any CPU
		{EE7BF5D1-075F-4AC7-A26B-BD3F94839129}.Debug|Any CPU.Build.0 = Debug|Any CPU
		{EE7BF5D1-075F-4AC7-A26B-BD3F94839129}.Release|Any CPU.ActiveCfg = Release|Any CPU
		{EE7BF5D1-075F-4AC7-A26B-BD3F94839129}.Release|Any CPU.Build.0 = Release|Any CPU
		{2BC6528D-8232-4571-B1B3-171B24155037}.Debug|Any CPU.ActiveCfg = Debug|Any CPU
		{2BC6528D-8232-4571-B1B3-171B24155037}.Debug|Any CPU.Build.0 = Debug|Any CPU
		{2BC6528D-8232-4571-B1B3-171B24155037}.Release|Any CPU.ActiveCfg = Release|Any CPU
		{2BC6528D-8232-4571-B1B3-171B24155037}.Release|Any CPU.Build.0 = Release|Any CPU
		{997B427D-C0E7-4881-BAD4-9D5F3FEB6490}.Debug|Any CPU.ActiveCfg = Debug|Any CPU
		{997B427D-C0E7-4881-BAD4-9D5F3FEB6490}.Debug|Any CPU.Build.0 = Debug|Any CPU
		{997B427D-C0E7-4881-BAD4-9D5F3FEB6490}.Release|Any CPU.ActiveCfg = Release|Any CPU
		{997B427D-C0E7-4881-BAD4-9D5F3FEB6490}.Release|Any CPU.Build.0 = Release|Any CPU
		{5F2D3897-AEC3-452F-A3C0-5B584DB9C207}.Debug|Any CPU.ActiveCfg = Debug|Any CPU
		{5F2D3897-AEC3-452F-A3C0-5B584DB9C207}.Debug|Any CPU.Build.0 = Debug|Any CPU
		{5F2D3897-AEC3-452F-A3C0-5B584DB9C207}.Release|Any CPU.ActiveCfg = Release|Any CPU
		{5F2D3897-AEC3-452F-A3C0-5B584DB9C207}.Release|Any CPU.Build.0 = Release|Any CPU
		{C292D016-3535-4C27-A3CC-29033C5A1AC1}.Debug|Any CPU.ActiveCfg = Debug|Any CPU
		{C292D016-3535-4C27-A3CC-29033C5A1AC1}.Debug|Any CPU.Build.0 = Debug|Any CPU
		{C292D016-3535-4C27-A3CC-29033C5A1AC1}.Release|Any CPU.ActiveCfg = Release|Any CPU
		{C292D016-3535-4C27-A3CC-29033C5A1AC1}.Release|Any CPU.Build.0 = Release|Any CPU
		{F19A001D-987C-4A67-93AE-776CB049EBA6}.Debug|Any CPU.ActiveCfg = Debug|Any CPU
		{F19A001D-987C-4A67-93AE-776CB049EBA6}.Debug|Any CPU.Build.0 = Debug|Any CPU
		{F19A001D-987C-4A67-93AE-776CB049EBA6}.Release|Any CPU.ActiveCfg = Release|Any CPU
		{F19A001D-987C-4A67-93AE-776CB049EBA6}.Release|Any CPU.Build.0 = Release|Any CPU
		{23EBE1A2-7AA8-4FF4-81A7-FDA7E1A2358D}.Debug|Any CPU.ActiveCfg = Debug|Any CPU
		{23EBE1A2-7AA8-4FF4-81A7-FDA7E1A2358D}.Debug|Any CPU.Build.0 = Debug|Any CPU
		{23EBE1A2-7AA8-4FF4-81A7-FDA7E1A2358D}.Release|Any CPU.ActiveCfg = Release|Any CPU
		{23EBE1A2-7AA8-4FF4-81A7-FDA7E1A2358D}.Release|Any CPU.Build.0 = Release|Any CPU
		{CF4FFAE3-79A3-4963-BA5D-42BF44B353B6}.Debug|Any CPU.ActiveCfg = Debug|Any CPU
		{CF4FFAE3-79A3-4963-BA5D-42BF44B353B6}.Debug|Any CPU.Build.0 = Debug|Any CPU
		{CF4FFAE3-79A3-4963-BA5D-42BF44B353B6}.Release|Any CPU.ActiveCfg = Release|Any CPU
		{CF4FFAE3-79A3-4963-BA5D-42BF44B353B6}.Release|Any CPU.Build.0 = Release|Any CPU
		{97CB3A9E-7B57-43C5-A16F-CDA1B3991E7B}.Debug|Any CPU.ActiveCfg = Debug|Any CPU
		{97CB3A9E-7B57-43C5-A16F-CDA1B3991E7B}.Debug|Any CPU.Build.0 = Debug|Any CPU
		{97CB3A9E-7B57-43C5-A16F-CDA1B3991E7B}.Release|Any CPU.ActiveCfg = Release|Any CPU
		{97CB3A9E-7B57-43C5-A16F-CDA1B3991E7B}.Release|Any CPU.Build.0 = Release|Any CPU
	EndGlobalSection
	GlobalSection(SolutionProperties) = preSolution
		HideSolutionNode = FALSE
	EndGlobalSection
	GlobalSection(NestedProjects) = preSolution
		{C5FCBE4B-25BB-45F1-A3FF-9E2218F8B3C2} = {B9CC07A2-D1E3-4636-B8E5-C94D7FBB4835}
		{0F656E10-65A1-45DA-A97A-7B14FF83405E} = {B9CC07A2-D1E3-4636-B8E5-C94D7FBB4835}
		{0F33C1FD-85B8-4ADA-84BF-EA179CA14D66} = {B9CC07A2-D1E3-4636-B8E5-C94D7FBB4835}
		{63E41041-B1EE-4340-94C1-A5F4A666276B} = {0F33C1FD-85B8-4ADA-84BF-EA179CA14D66}
		{BACBC48C-A298-4E7D-8806-95D39D30D9A9} = {C5FCBE4B-25BB-45F1-A3FF-9E2218F8B3C2}
		{253D0585-9100-41CC-8FFB-8062B6701A9F} = {C5FCBE4B-25BB-45F1-A3FF-9E2218F8B3C2}
		{C4452452-84D6-4E16-B4C0-BC0DFD4C0279} = {253D0585-9100-41CC-8FFB-8062B6701A9F}
		{F0F2FC53-323E-4A10-83B3-97C2BBCC5C4A} = {253D0585-9100-41CC-8FFB-8062B6701A9F}
		{D6F7B8F7-9C3A-45F9-B727-C548C0C38F66} = {253D0585-9100-41CC-8FFB-8062B6701A9F}
		{B10A8D53-A069-4EFA-87B8-7387A9AE6D75} = {253D0585-9100-41CC-8FFB-8062B6701A9F}
		{4686FD11-008A-4191-8507-0C03764FB42C} = {0F656E10-65A1-45DA-A97A-7B14FF83405E}
		{5641DD69-A039-4D9B-BD45-8A861F7F8E7D} = {A2839155-7408-478B-90A1-7FADB88D33B2}
		{A2839155-7408-478B-90A1-7FADB88D33B2} = {B9CC07A2-D1E3-4636-B8E5-C94D7FBB4835}
		{EE7BF5D1-075F-4AC7-A26B-BD3F94839129} = {5641DD69-A039-4D9B-BD45-8A861F7F8E7D}
		{2BC6528D-8232-4571-B1B3-171B24155037} = {5641DD69-A039-4D9B-BD45-8A861F7F8E7D}
		{997B427D-C0E7-4881-BAD4-9D5F3FEB6490} = {A2839155-7408-478B-90A1-7FADB88D33B2}
		{DEF3E967-F7B4-491E-A10D-6CA9DFA36D08} = {66DDD5F1-300F-4248-B246-9B587AAA0BCF}
		{BACB6EAF-6508-4088-9104-4A6968F5C577} = {66DDD5F1-300F-4248-B246-9B587AAA0BCF}
		{A259886A-A32F-45F5-AB5A-CD0BA9BD2C85} = {BACB6EAF-6508-4088-9104-4A6968F5C577}
		{32AB56B1-9C00-41BB-91FE-16B0B5383993} = {DEF3E967-F7B4-491E-A10D-6CA9DFA36D08}
		{369694BC-2749-443A-858C-1FBAE3343258} = {BE85CF8B-E4F0-4470-934C-62E6DB98DD3F}
		{508447DF-CBAC-4723-9BD5-7D6D629EEA50} = {369694BC-2749-443A-858C-1FBAE3343258}
		{6BDA9E7D-3794-4BF0-AF98-9DA0563FCB64} = {369694BC-2749-443A-858C-1FBAE3343258}
		{92E419BE-941A-41E2-9D21-82CA2047006B} = {369694BC-2749-443A-858C-1FBAE3343258}
		{5F2D3897-AEC3-452F-A3C0-5B584DB9C207} = {C5FCBE4B-25BB-45F1-A3FF-9E2218F8B3C2}
		{9D5B19D4-07B0-40A9-8734-344AF871E7D4} = {B9CC07A2-D1E3-4636-B8E5-C94D7FBB4835}
		{C292D016-3535-4C27-A3CC-29033C5A1AC1} = {9D5B19D4-07B0-40A9-8734-344AF871E7D4}
		{F19A001D-987C-4A67-93AE-776CB049EBA6} = {9D5B19D4-07B0-40A9-8734-344AF871E7D4}
		{23EBE1A2-7AA8-4FF4-81A7-FDA7E1A2358D} = {9D5B19D4-07B0-40A9-8734-344AF871E7D4}
		{CF4FFAE3-79A3-4963-BA5D-42BF44B353B6} = {5641DD69-A039-4D9B-BD45-8A861F7F8E7D}
		{97CB3A9E-7B57-43C5-A16F-CDA1B3991E7B} = {253D0585-9100-41CC-8FFB-8062B6701A9F}
	EndGlobalSection
	GlobalSection(ExtensibilityGlobals) = postSolution
		SolutionGuid = {0449C612-F29B-409C-8211-5B0D75F4F3B5}
	EndGlobalSection
EndGlobal
